{
  "name": "cocktail_recipes",
  "version": "1.0.0",
  "lockfileVersion": 3,
  "requires": true,
  "packages": {
    "": {
      "name": "cocktail_recipes",
      "version": "1.0.0",
      "dependencies": {
        "@tailwindcss/container-queries": "^0.1.1",
        "@tailwindcss/forms": "^0.5.10",
        "@tailwindcss/typography": "^0.5.16",
        "tailwindcss": "^4.1.18"
      }
    },
    "node_modules/@tailwindcss/container-queries": {
      "version": "0.1.1",
      "license": "MIT",
      "peerDependencies": {
        "tailwindcss": ">=3.2.0"
      }
    },
    "node_modules/@tailwindcss/forms": {
      "version": "0.5.10",
      "license": "MIT",
      "dependencies": {
        "mini-svg-data-uri": "^1.2.3"
      },
      "peerDependencies": {
        "tailwindcss": ">=3.0.0 || >= 3.0.0-alpha.1 || >= 4.0.0-alpha.20 || >= 4.0.0-beta.1"
      }
    },
    "node_modules/@tailwindcss/typography": {
      "version": "0.5.19",
      "license": "MIT",
      "dependencies": {
        "postcss-selector-parser": "6.0.10"
      },
      "peerDependencies": {
        "tailwindcss": ">=3.0.0 || insiders || >=4.0.0-alpha.20 || >=4.0.0-beta.1"
      }
    },
    "node_modules/cssesc": {
      "version": "3.0.0",
      "license": "MIT",
      "bin": {
        "cssesc": "bin/cssesc"
      },
      "engines": {
        "node": ">=4"
      }
    },
    "node_modules/mini-svg-data-uri": {
      "version": "1.4.4",
      "license": "MIT",
      "bin": {
        "mini-svg-data-uri": "cli.js"
      }
    },
    "node_modules/postcss-selector-parser": {
      "version": "6.0.10",
      "license": "MIT",
      "dependencies": {
        "cssesc": "^3.0.0",
        "util-deprecate": "^1.0.2"
      },
      "engines": {
        "node": ">=4"
      }
    },
    "node_modules/tailwindcss": {
      "version": "4.1.18",
      "resolved": "https://registry.npmjs.org/tailwindcss/-/tailwindcss-4.1.18.tgz",
      "integrity": "sha512-4+Z+0yiYyEtUVCScyfHCxOYP06L5Ne+JiHhY2IjR2KWMIWhJOYZKLSGZaP5HkZ8+bY0cxfzwDE5uOmzFXyIwxw==",
      "license": "MIT"
    },
    "node_modules/util-deprecate": {
      "version": "1.0.2",
      "license": "MIT"
    }
  }
}
